
Microsoft Visual Studio Solution File, Format Version 12.00
# Visual Studio Version 16
VisualStudioVersion = 16.0.29613.14
MinimumVisualStudioVersion = 10.0.40219.1
Project("{9092AA53-FB77-4645-B42D-1CCCA6BD08BD}") = "BZK-coinmarketcap-api", "BZK-coinmarketcap-api.njsproj", "{E52D399D-0712-40B3-ABF2-369A6B9688D8}"
EndProject
Global
	GlobalSection(SolutionConfigurationPlatforms) = preSolution
		Debug|Any CPU = Debug|Any CPU
		Release|Any CPU = Release|Any CPU
	EndGlobalSection
	GlobalSection(ProjectConfigurationPlatforms) = postSolution
		{E52D399D-0712-40B3-ABF2-369A6B9688D8}.Debug|Any CPU.ActiveCfg = Debug|Any CPU
		{E52D399D-0712-40B3-ABF2-369A6B9688D8}.Debug|Any CPU.Build.0 = Debug|Any CPU
		{E52D399D-0712-40B3-ABF2-369A6B9688D8}.Release|Any CPU.ActiveCfg = Release|Any CPU
		{E52D399D-0712-40B3-ABF2-369A6B9688D8}.Release|Any CPU.Build.0 = Release|Any CPU
	EndGlobalSection
	GlobalSection(SolutionProperties) = preSolution
		HideSolutionNode = FALSE
	EndGlobalSection
	GlobalSection(ExtensibilityGlobals) = postSolution
		SolutionGuid = {86EA9642-57B8-4F2F-8B5B-97F6E0F10D63}
	EndGlobalSection
EndGlobal
